
Microsoft Visual Studio Solution File, Format Version 12.00
# Visual Studio Version 17
VisualStudioVersion = 17.12.35323.107
MinimumVisualStudioVersion = 10.0.40219.1
Project("{8BC9CEB8-8B4A-11D0-8D11-00A0C91BC942}") = "Exam Grader Program", "Exam Grader Program\Exam Grader Program.vcxproj", "{6D825130-6907-4663-B010-941923FC8FF9}"
EndProject
Global
	GlobalSection(SolutionConfigurationPlatforms) = preSolution
		Debug|x64 = Debug|x64
		Debug|x86 = Debug|x86
		Release|x64 = Release|x64
		Release|x86 = Release|x86
	EndGlobalSection
	GlobalSection(ProjectConfigurationPlatforms) = postSolution
		{6D825130-6907-4663-B010-941923FC8FF9}.Debug|x64.ActiveCfg = Debug|x64
		{6D825130-6907-4663-B010-941923FC8FF9}.Debug|x64.Build.0 = Debug|x64
		{6D825130-6907-4663-B010-941923FC8FF9}.Debug|x86.ActiveCfg = Debug|Win32
		{6D825130-6907-4663-B010-941923FC8FF9}.Debug|x86.Build.0 = Debug|Win32
		{6D825130-6907-4663-B010-941923FC8FF9}.Release|x64.ActiveCfg = Release|x64
		{6D825130-6907-4663-B010-941923FC8FF9}.Release|x64.Build.0 = Release|x64
		{6D825130-6907-4663-B010-941923FC8FF9}.Release|x86.ActiveCfg = Release|Win32
		{6D825130-6907-4663-B010-941923FC8FF9}.Release|x86.Build.0 = Release|Win32
	EndGlobalSection
	GlobalSection(SolutionProperties) = preSolution
		HideSolutionNode = FALSE
	EndGlobalSection
	GlobalSection(ExtensibilityGlobals) = postSolution
		SolutionGuid = {18664A3E-EF34-4BEA-8AD6-1BDB0C93D5AF}
	EndGlobalSection
EndGlobal
